PODS:
  - AFNetworking (2.6.3):
    - AFNetworking/NSURLConnection (= 2.6.3)
    - AFNetworking/NSURLSession (= 2.6.3)
    - AFNetworking/Reachability (= 2.6.3)
    - AFNetworking/Security (= 2.6.3)
    - AFNetworking/Serialization (= 2.6.3)
    - AFNetworking/UIKit (= 2.6.3)
  - AFNetworking/NSURLConnection (2.6.3):
    - AFNetworking/Reachability
    - AFNetworking/Security
    - AFNetworking/Serialization
  - AFNetworking/NSURLSession (2.6.3):
    - AFNetworking/Reachability
    - AFNetworking/Security
    - AFNetworking/Serialization
  - AFNetworking/Reachability (2.6.3)
  - AFNetworking/Security (2.6.3)
  - AFNetworking/Serialization (2.6.3)
  - AFNetworking/UIKit (2.6.3):
    - AFNetworking/NSURLConnection
    - AFNetworking/NSURLSession
  - AVOSCloud (3.3.5)
  - AVOSCloudCrashReporting (3.3.5):
    - AVOSCloud
  - AVOSCloudIM (3.3.5):
    - AVOSCloud
  - LeanCloudSocial (0.0.8):
    - AFNetworking (~> 2.0)
    - AVOSCloud (~> 3.1)
  - Masonry (1.0.1)
  - MJExtension (3.0.13)
  - MJRefresh (3.1.12)
  - SDWebImage (3.8.1):
    - SDWebImage/Core (= 3.8.1)
  - SDWebImage/Core (3.8.1)
  - SVProgressHUD (2.0.3)
  - TZImagePickerController (1.6.1)

DEPENDENCIES:
  - AVOSCloud
  - AVOSCloudCrashReporting
  - AVOSCloudIM
  - LeanCloudSocial
  - Masonry (~> 1.0.1)
  - MJExtension (~> 3.0.13)
  - MJRefresh (~> 3.1.12)
  - SDWebImage (~> 3.8.1)
  - SVProgressHUD (~> 2.0.3)
  - TZImagePickerController

SPEC CHECKSUMS:
  AFNetworking: cb8d14a848e831097108418f5d49217339d4eb60
  AVOSCloud: 1fe170768bee7e05bc3ea86e38d5bddb105cb957
  AVOSCloudCrashReporting: 7ad087db785a25d6ef03cb54c2c0b460eb32dabb
  AVOSCloudIM: dc307c48e951fcd861f4ae6db6d807e7b40639c8
  LeanCloudSocial: f7787dfc1559dc47263bbfd37a03c870352ad98a
  Masonry: a1a931a0d08870ed8ae415a2ea5ea68ebcac77df
  MJExtension: 5932755f451458eefa24239358817f8d291240c7
  MJRefresh: b96cdb21c4aa75a7b07654311ab2f315c497e806
  SDWebImage: 35f9627a3e44b4f292a8a8ce6a531fa488239b91
  SVProgressHUD: b0830714205bea1317ea1a2ebc71e5633af334d4
  TZImagePickerController: 1f8c9186e6fcfd949cfed563770bf426a049edd6

PODFILE CHECKSUM: 07214db4a2c0cb59708b349b366e33e0f5db8b97

COCOAPODS: 1.0.1
