// !$*UTF8*$!
{
	archiveVersion = 1;
	classes = {
	};
	objectVersion = 46;
	objects = {

/* Begin PBXBuildFile section */
		121982DB2477D51E9E5D1B97 /* libPods-菜谱.a in Frameworks */ = {isa = PBXBuildFile; fileRef = D4E4C20E4F4205211DFEFD82 /* libPods-菜谱.a */; };
		CC2326801D66FFC8000EDC4B /* NSString+QYString.m in Sources */ = {isa = PBXBuildFile; fileRef = CC2326681D66FFC8000EDC4B /* NSString+QYString.m */; };
		CC2326811D66FFC8000EDC4B /* arrow@2x.png in Resources */ = {isa = PBXBuildFile; fileRef = CC23266A1D66FFC8000EDC4B /* arrow@2x.png */; };
		CC2326821D66FFC8000EDC4B /* PINBaseRefreshControl.m in Sources */ = {isa = PBXBuildFile; fileRef = CC23266C1D66FFC8000EDC4B /* PINBaseRefreshControl.m */; };
		CC2326831D66FFC8000EDC4B /* PINAutoRefreshFooter.m in Sources */ = {isa = PBXBuildFile; fileRef = CC2326701D66FFC8000EDC4B /* PINAutoRefreshFooter.m */; };
		CC2326841D66FFC8000EDC4B /* PINGifRefreshFooter.m in Sources */ = {isa = PBXBuildFile; fileRef = CC2326721D66FFC8000EDC4B /* PINGifRefreshFooter.m */; };
		CC2326851D66FFC8000EDC4B /* PINNormalRefreshFooter.m in Sources */ = {isa = PBXBuildFile; fileRef = CC2326741D66FFC8000EDC4B /* PINNormalRefreshFooter.m */; };
		CC2326861D66FFC8000EDC4B /* PINGifRefreshHeader.m in Sources */ = {isa = PBXBuildFile; fileRef = CC2326771D66FFC8000EDC4B /* PINGifRefreshHeader.m */; };
		CC2326871D66FFC8000EDC4B /* PINNormalRefreshHeader.m in Sources */ = {isa = PBXBuildFile; fileRef = CC2326791D66FFC8000EDC4B /* PINNormalRefreshHeader.m */; };
		CC2326881D66FFC8000EDC4B /* UIScrollView+PINExtension.m in Sources */ = {isa = PBXBuildFile; fileRef = CC23267B1D66FFC8000EDC4B /* UIScrollView+PINExtension.m */; };
		CC2326891D66FFC8000EDC4B /* UIScrollView+PINRefresh.m in Sources */ = {isa = PBXBuildFile; fileRef = CC23267D1D66FFC8000EDC4B /* UIScrollView+PINRefresh.m */; };
		CC23268A1D66FFC8000EDC4B /* UIView+PINFrame.m in Sources */ = {isa = PBXBuildFile; fileRef = CC23267F1D66FFC8000EDC4B /* UIView+PINFrame.m */; };
		CC2C5B2E1D71293B0040F60B /* status.plist in Resources */ = {isa = PBXBuildFile; fileRef = CC2C5B2D1D71293B0040F60B /* status.plist */; };
		CC2C5B311D71313B0040F60B /* YSListDisCoverViewController.m in Sources */ = {isa = PBXBuildFile; fileRef = CC2C5B301D71313B0040F60B /* YSListDisCoverViewController.m */; };
		CC2C5B361D713F960040F60B /* YSDengLuViewController.m in Sources */ = {isa = PBXBuildFile; fileRef = CC2C5B351D713F960040F60B /* YSDengLuViewController.m */; };
		CC2C5B391D7142A20040F60B /* YSZhuCeViewController.m in Sources */ = {isa = PBXBuildFile; fileRef = CC2C5B381D7142A20040F60B /* YSZhuCeViewController.m */; };
		CC2D6C3A1D6F0D6400EEB151 /* YSPhoneNumYanZhengVC.m in Sources */ = {isa = PBXBuildFile; fileRef = CC2D6C391D6F0D6400EEB151 /* YSPhoneNumYanZhengVC.m */; };
		CC3194DB1D6DDCA70061DF76 /* YSStatusCell.m in Sources */ = {isa = PBXBuildFile; fileRef = CC3194D91D6DDCA70061DF76 /* YSStatusCell.m */; };
		CC3194DC1D6DDCA70061DF76 /* YSStatusCell.xib in Resources */ = {isa = PBXBuildFile; fileRef = CC3194DA1D6DDCA70061DF76 /* YSStatusCell.xib */; };
		CC3EB71F1D63F7EF000E775B /* main.m in Sources */ = {isa = PBXBuildFile; fileRef = CC3EB71E1D63F7EF000E775B /* main.m */; };
		CC3EB7281D63F7EF000E775B /* Main.storyboard in Resources */ = {isa = PBXBuildFile; fileRef = CC3EB7261D63F7EF000E775B /* Main.storyboard */; };
		CC3EB72D1D63F7EF000E775B /* LaunchScreen.storyboard in Resources */ = {isa = PBXBuildFile; fileRef = CC3EB72B1D63F7EF000E775B /* LaunchScreen.storyboard */; };
		CC3EB7591D63F99A000E775B /* AppDelegate.m in Sources */ = {isa = PBXBuildFile; fileRef = CC3EB7451D63F99A000E775B /* AppDelegate.m */; };
		CC3EB75A1D63F99A000E775B /* YSGuideViewController.m in Sources */ = {isa = PBXBuildFile; fileRef = CC3EB7491D63F99A000E775B /* YSGuideViewController.m */; };
		CC3EB75B1D63F99A000E775B /* YSBeiJingScrollView.m in Sources */ = {isa = PBXBuildFile; fileRef = CC3EB74D1D63F99A000E775B /* YSBeiJingScrollView.m */; };
		CC3EB75C1D63F99A000E775B /* MainTabBarViewController.m in Sources */ = {isa = PBXBuildFile; fileRef = CC3EB7511D63F99A000E775B /* MainTabBarViewController.m */; };
		CC3EB75D1D63F99A000E775B /* YSNavigationViewController.m in Sources */ = {isa = PBXBuildFile; fileRef = CC3EB7531D63F99A000E775B /* YSNavigationViewController.m */; };
		CC3EB75E1D63F99A000E775B /* Assets.xcassets in Resources */ = {isa = PBXBuildFile; fileRef = CC3EB7571D63F99A000E775B /* Assets.xcassets */; };
		CC3EB7871D64861F000E775B /* YSTabBar.m in Sources */ = {isa = PBXBuildFile; fileRef = CC3EB7861D64861F000E775B /* YSTabBar.m */; };
		CC6DC5C41D70802B000778BC /* YSAnnotation.m in Sources */ = {isa = PBXBuildFile; fileRef = CC6DC5C31D70802B000778BC /* YSAnnotation.m */; };
		CC75282E1D6EEB570024D105 /* YSInfoDynamicViewController.m in Sources */ = {isa = PBXBuildFile; fileRef = CC75282D1D6EEB570024D105 /* YSInfoDynamicViewController.m */; };
		CCDFBAEC1D6DC5C9000A16C9 /* YSLoginViewController.m in Sources */ = {isa = PBXBuildFile; fileRef = CCDFBABB1D6DC5C9000A16C9 /* YSLoginViewController.m */; };
		CCDFBAED1D6DC5C9000A16C9 /* YSPhoneRegisterViewController.m in Sources */ = {isa = PBXBuildFile; fileRef = CCDFBABD1D6DC5C9000A16C9 /* YSPhoneRegisterViewController.m */; };
		CCDFBAEE1D6DC5C9000A16C9 /* YSEMaileRegisterViewController.m in Sources */ = {isa = PBXBuildFile; fileRef = CCDFBABF1D6DC5C9000A16C9 /* YSEMaileRegisterViewController.m */; };
		CCDFBAEF1D6DC5C9000A16C9 /* YSLoginViewController.xib in Resources */ = {isa = PBXBuildFile; fileRef = CCDFBAC21D6DC5C9000A16C9 /* YSLoginViewController.xib */; };
		CCDFBAF01D6DC5C9000A16C9 /* YSPhoneRegisterViewController.xib in Resources */ = {isa = PBXBuildFile; fileRef = CCDFBAC31D6DC5C9000A16C9 /* YSPhoneRegisterViewController.xib */; };
		CCDFBAF11D6DC5C9000A16C9 /* YSEMaileRegisterViewController.xib in Resources */ = {isa = PBXBuildFile; fileRef = CCDFBAC41D6DC5C9000A16C9 /* YSEMaileRegisterViewController.xib */; };
		CCDFBAF21D6DC5C9000A16C9 /* YSAddViewController.m in Sources */ = {isa = PBXBuildFile; fileRef = CCDFBAC81D6DC5C9000A16C9 /* YSAddViewController.m */; };
		CCDFBAF31D6DC5C9000A16C9 /* YSDiscoverViewController.m in Sources */ = {isa = PBXBuildFile; fileRef = CCDFBACE1D6DC5C9000A16C9 /* YSDiscoverViewController.m */; };
		CCDFBAF41D6DC5C9000A16C9 /* YSDynamicViewController.m in Sources */ = {isa = PBXBuildFile; fileRef = CCDFBAD41D6DC5C9000A16C9 /* YSDynamicViewController.m */; };
		CCDFBAF51D6DC5C9000A16C9 /* YSHomeInfoViewController.m in Sources */ = {isa = PBXBuildFile; fileRef = CCDFBADA1D6DC5C9000A16C9 /* YSHomeInfoViewController.m */; };
		CCDFBAF61D6DC5C9000A16C9 /* YSHomeViewController.m in Sources */ = {isa = PBXBuildFile; fileRef = CCDFBADC1D6DC5C9000A16C9 /* YSHomeViewController.m */; };
		CCDFBAF71D6DC5C9000A16C9 /* YSHomeListModel.m in Sources */ = {isa = PBXBuildFile; fileRef = CCDFBADF1D6DC5C9000A16C9 /* YSHomeListModel.m */; };
		CCDFBAF81D6DC5C9000A16C9 /* YSProfileInfoViewController.m in Sources */ = {isa = PBXBuildFile; fileRef = CCDFBAE41D6DC5C9000A16C9 /* YSProfileInfoViewController.m */; };
		CCDFBAF91D6DC5C9000A16C9 /* YSProfileViewController.m in Sources */ = {isa = PBXBuildFile; fileRef = CCDFBAE61D6DC5C9000A16C9 /* YSProfileViewController.m */; };
		CCDFBAFA1D6DC5C9000A16C9 /* YSProfileHeader.m in Sources */ = {isa = PBXBuildFile; fileRef = CCDFBAEA1D6DC5C9000A16C9 /* YSProfileHeader.m */; };
		CCDFBAFB1D6DC5C9000A16C9 /* YSProfileHeader.xib in Resources */ = {isa = PBXBuildFile; fileRef = CCDFBAEB1D6DC5C9000A16C9 /* YSProfileHeader.xib */; };
		CCDFBB051D6DC607000A16C9 /* YSCommentCell.m in Sources */ = {isa = PBXBuildFile; fileRef = CCDFBAFD1D6DC607000A16C9 /* YSCommentCell.m */; };
		CCDFBB061D6DC607000A16C9 /* YSCommentCell.xib in Resources */ = {isa = PBXBuildFile; fileRef = CCDFBAFE1D6DC607000A16C9 /* YSCommentCell.xib */; };
		CCDFBB071D6DC607000A16C9 /* YSFooterView.m in Sources */ = {isa = PBXBuildFile; fileRef = CCDFBB001D6DC607000A16C9 /* YSFooterView.m */; };
		CCDFBB081D6DC607000A16C9 /* YSFooterView.xib in Resources */ = {isa = PBXBuildFile; fileRef = CCDFBB011D6DC607000A16C9 /* YSFooterView.xib */; };
		CCDFBB111D6DC65E000A16C9 /* YSCommentModel.m in Sources */ = {isa = PBXBuildFile; fileRef = CCDFBB0C1D6DC65E000A16C9 /* YSCommentModel.m */; };
		CCDFBB121D6DC65E000A16C9 /* YSStatusModel.m in Sources */ = {isa = PBXBuildFile; fileRef = CCDFBB0E1D6DC65E000A16C9 /* YSStatusModel.m */; };
		CCDFBB131D6DC65E000A16C9 /* YSUserModel.m in Sources */ = {isa = PBXBuildFile; fileRef = CCDFBB101D6DC65E000A16C9 /* YSUserModel.m */; };
/* End PBXBuildFile section */

/* Begin PBXFileReference section */
		B2D562325362028CEECAA5E5 /* Pods-菜谱.debug.xcconfig */ = {isa = PBXFileReference; includeInIndex = 1; lastKnownFileType = text.xcconfig; name = "Pods-菜谱.debug.xcconfig"; path = "Pods/Target Support Files/Pods-菜谱/Pods-菜谱.debug.xcconfig"; sourceTree = "<group>"; };
		C00245FB0598FDC358C8080C /* Pods-菜谱.release.xcconfig */ = {isa = PBXFileReference; includeInIndex = 1; lastKnownFileType = text.xcconfig; name = "Pods-菜谱.release.xcconfig"; path = "Pods/Target Support Files/Pods-菜谱/Pods-菜谱.release.xcconfig"; sourceTree = "<group>"; };
		CC2326671D66FFC8000EDC4B /* NSString+QYString.h */ = {isa = PBXFileReference; fileEncoding = 4; lastKnownFileType = sourcecode.c.h; path = "NSString+QYString.h"; sourceTree = "<group>"; };
		CC2326681D66FFC8000EDC4B /* NSString+QYString.m */ = {isa = PBXFileReference; fileEncoding = 4; lastKnownFileType = sourcecode.c.objc; path = "NSString+QYString.m"; sourceTree = "<group>"; };
		CC23266A1D66FFC8000EDC4B /* arrow@2x.png */ = {isa = PBXFileReference; lastKnownFileType = image.png; path = "arrow@2x.png"; sourceTree = "<group>"; };
		CC23266B1D66FFC8000EDC4B /* PINBaseRefreshControl.h */ = {isa = PBXFileReference; fileEncoding = 4; lastKnownFileType = sourcecode.c.h; path = PINBaseRefreshControl.h; sourceTree = "<group>"; };
		CC23266C1D66FFC8000EDC4B /* PINBaseRefreshControl.m */ = {isa = PBXFileReference; fileEncoding = 4; lastKnownFileType = sourcecode.c.objc; path = PINBaseRefreshControl.m; sourceTree = "<group>"; };
		CC23266D1D66FFC8000EDC4B /* PINRefreshConfig.h */ = {isa = PBXFileReference; fileEncoding = 4; lastKnownFileType = sourcecode.c.h; path = PINRefreshConfig.h; sourceTree = "<group>"; };
		CC23266F1D66FFC8000EDC4B /* PINAutoRefreshFooter.h */ = {isa = PBXFileReference; fileEncoding = 4; lastKnownFileType = sourcecode.c.h; path = PINAutoRefreshFooter.h; sourceTree = "<group>"; };
		CC2326701D66FFC8000EDC4B /* PINAutoRefreshFooter.m */ = {isa = PBXFileReference; fileEncoding = 4; lastKnownFileType = sourcecode.c.objc; path = PINAutoRefreshFooter.m; sourceTree = "<group>"; };
		CC2326711D66FFC8000EDC4B /* PINGifRefreshFooter.h */ = {isa = PBXFileReference; fileEncoding = 4; lastKnownFileType = sourcecode.c.h; path = PINGifRefreshFooter.h; sourceTree = "<group>"; };
		CC2326721D66FFC8000EDC4B /* PINGifRefreshFooter.m */ = {isa = PBXFileReference; fileEncoding = 4; lastKnownFileType = sourcecode.c.objc; path = PINGifRefreshFooter.m; sourceTree = "<group>"; };
		CC2326731D66FFC8000EDC4B /* PINNormalRefreshFooter.h */ = {isa = PBXFileReference; fileEncoding = 4; lastKnownFileType = sourcecode.c.h; path = PINNormalRefreshFooter.h; sourceTree = "<group>"; };
		CC2326741D66FFC8000EDC4B /* PINNormalRefreshFooter.m */ = {isa = PBXFileReference; fileEncoding = 4; lastKnownFileType = sourcecode.c.objc; path = PINNormalRefreshFooter.m; sourceTree = "<group>"; };
		CC2326761D66FFC8000EDC4B /* PINGifRefreshHeader.h */ = {isa = PBXFileReference; fileEncoding = 4; lastKnownFileType = sourcecode.c.h; path = PINGifRefreshHeader.h; sourceTree = "<group>"; };
		CC2326771D66FFC8000EDC4B /* PINGifRefreshHeader.m */ = {isa = PBXFileReference; fileEncoding = 4; lastKnownFileType = sourcecode.c.objc; path = PINGifRefreshHeader.m; sourceTree = "<group>"; };
		CC2326781D66FFC8000EDC4B /* PINNormalRefreshHeader.h */ = {isa = PBXFileReference; fileEncoding = 4; lastKnownFileType = sourcecode.c.h; path = PINNormalRefreshHeader.h; sourceTree = "<group>"; };
		CC2326791D66FFC8000EDC4B /* PINNormalRefreshHeader.m */ = {isa = PBXFileReference; fileEncoding = 4; lastKnownFileType = sourcecode.c.objc; path = PINNormalRefreshHeader.m; sourceTree = "<group>"; };
		CC23267A1D66FFC8000EDC4B /* UIScrollView+PINExtension.h */ = {isa = PBXFileReference; fileEncoding = 4; lastKnownFileType = sourcecode.c.h; path = "UIScrollView+PINExtension.h"; sourceTree = "<group>"; };
		CC23267B1D66FFC8000EDC4B /* UIScrollView+PINExtension.m */ = {isa = PBXFileReference; fileEncoding = 4; lastKnownFileType = sourcecode.c.objc; path = "UIScrollView+PINExtension.m"; sourceTree = "<group>"; };
		CC23267C1D66FFC8000EDC4B /* UIScrollView+PINRefresh.h */ = {isa = PBXFileReference; fileEncoding = 4; lastKnownFileType = sourcecode.c.h; path = "UIScrollView+PINRefresh.h"; sourceTree = "<group>"; };
		CC23267D1D66FFC8000EDC4B /* UIScrollView+PINRefresh.m */ = {isa = PBXFileReference; fileEncoding = 4; lastKnownFileType = sourcecode.c.objc; path = "UIScrollView+PINRefresh.m"; sourceTree = "<group>"; };
		CC23267E1D66FFC8000EDC4B /* UIView+PINFrame.h */ = {isa = PBXFileReference; fileEncoding = 4; lastKnownFileType = sourcecode.c.h; path = "UIView+PINFrame.h"; sourceTree = "<group>"; };
		CC23267F1D66FFC8000EDC4B /* UIView+PINFrame.m */ = {isa = PBXFileReference; fileEncoding = 4; lastKnownFileType = sourcecode.c.objc; path = "UIView+PINFrame.m"; sourceTree = "<group>"; };
		CC2C5B2D1D71293B0040F60B /* status.plist */ = {isa = PBXFileReference; fileEncoding = 4; lastKnownFileType = text.plist.xml; path = status.plist; sourceTree = "<group>"; };
		CC2C5B2F1D71313B0040F60B /* YSListDisCoverViewController.h */ = {isa = PBXFileReference; fileEncoding = 4; lastKnownFileType = sourcecode.c.h; path = YSListDisCoverViewController.h; sourceTree = "<group>"; };
		CC2C5B301D71313B0040F60B /* YSListDisCoverViewController.m */ = {isa = PBXFileReference; fileEncoding = 4; lastKnownFileType = sourcecode.c.objc; path = YSListDisCoverViewController.m; sourceTree = "<group>"; };
		CC2C5B341D713F960040F60B /* YSDengLuViewController.h */ = {isa = PBXFileReference; fileEncoding = 4; lastKnownFileType = sourcecode.c.h; path = YSDengLuViewController.h; sourceTree = "<group>"; };
		CC2C5B351D713F960040F60B /* YSDengLuViewController.m */ = {isa = PBXFileReference; fileEncoding = 4; lastKnownFileType = sourcecode.c.objc; path = YSDengLuViewController.m; sourceTree = "<group>"; };
		CC2C5B371D7142A20040F60B /* YSZhuCeViewController.h */ = {isa = PBXFileReference; fileEncoding = 4; lastKnownFileType = sourcecode.c.h; path = YSZhuCeViewController.h; sourceTree = "<group>"; };
		CC2C5B381D7142A20040F60B /* YSZhuCeViewController.m */ = {isa = PBXFileReference; fileEncoding = 4; lastKnownFileType = sourcecode.c.objc; path = YSZhuCeViewController.m; sourceTree = "<group>"; };
		CC2D6C381D6F0D6400EEB151 /* YSPhoneNumYanZhengVC.h */ = {isa = PBXFileReference; fileEncoding = 4; lastKnownFileType = sourcecode.c.h; path = YSPhoneNumYanZhengVC.h; sourceTree = "<group>"; };
		CC2D6C391D6F0D6400EEB151 /* YSPhoneNumYanZhengVC.m */ = {isa = PBXFileReference; fileEncoding = 4; lastKnownFileType = sourcecode.c.objc; path = YSPhoneNumYanZhengVC.m; sourceTree = "<group>"; };
		CC3194D81D6DDCA70061DF76 /* YSStatusCell.h */ = {isa = PBXFileReference; fileEncoding = 4; lastKnownFileType = sourcecode.c.h; path = YSStatusCell.h; sourceTree = "<group>"; };
		CC3194D91D6DDCA70061DF76 /* YSStatusCell.m */ = {isa = PBXFileReference; fileEncoding = 4; lastKnownFileType = sourcecode.c.objc; path = YSStatusCell.m; sourceTree = "<group>"; };
		CC3194DA1D6DDCA70061DF76 /* YSStatusCell.xib */ = {isa = PBXFileReference; fileEncoding = 4; lastKnownFileType = file.xib; path = YSStatusCell.xib; sourceTree = "<group>"; };
		CC3EB71A1D63F7EF000E775B /* 菜谱.app */ = {isa = PBXFileReference; explicitFileType = wrapper.application; includeInIndex = 0; path = "菜谱.app"; sourceTree = BUILT_PRODUCTS_DIR; };
		CC3EB71E1D63F7EF000E775B /* main.m */ = {isa = PBXFileReference; lastKnownFileType = sourcecode.c.objc; path = main.m; sourceTree = "<group>"; };
		CC3EB7271D63F7EF000E775B /* Base */ = {isa = PBXFileReference; lastKnownFileType = file.storyboard; name = Base; path = Base.lproj/Main.storyboard; sourceTree = "<group>"; };
		CC3EB72C1D63F7EF000E775B /* Base */ = {isa = PBXFileReference; lastKnownFileType = file.storyboard; name = Base; path = Base.lproj/LaunchScreen.storyboard; sourceTree = "<group>"; };
		CC3EB72E1D63F7EF000E775B /* Info.plist */ = {isa = PBXFileReference; lastKnownFileType = text.plist.xml; path = Info.plist; sourceTree = "<group>"; };
		CC3EB7441D63F99A000E775B /* AppDelegate.h */ = {isa = PBXFileReference; fileEncoding = 4; lastKnownFileType = sourcecode.c.h; path = AppDelegate.h; sourceTree = "<group>"; };
		CC3EB7451D63F99A000E775B /* AppDelegate.m */ = {isa = PBXFileReference; fileEncoding = 4; lastKnownFileType = sourcecode.c.objc; path = AppDelegate.m; sourceTree = "<group>"; };
		CC3EB7481D63F99A000E775B /* YSGuideViewController.h */ = {isa = PBXFileReference; fileEncoding = 4; lastKnownFileType = sourcecode.c.h; path = YSGuideViewController.h; sourceTree = "<group>"; };
		CC3EB7491D63F99A000E775B /* YSGuideViewController.m */ = {isa = PBXFileReference; fileEncoding = 4; lastKnownFileType = sourcecode.c.objc; path = YSGuideViewController.m; sourceTree = "<group>"; };
		CC3EB74C1D63F99A000E775B /* YSBeiJingScrollView.h */ = {isa = PBXFileReference; fileEncoding = 4; lastKnownFileType = sourcecode.c.h; path = YSBeiJingScrollView.h; sourceTree = "<group>"; };
		CC3EB74D1D63F99A000E775B /* YSBeiJingScrollView.m */ = {isa = PBXFileReference; fileEncoding = 4; lastKnownFileType = sourcecode.c.objc; path = YSBeiJingScrollView.m; sourceTree = "<group>"; };
		CC3EB7501D63F99A000E775B /* MainTabBarViewController.h */ = {isa = PBXFileReference; fileEncoding = 4; lastKnownFileType = sourcecode.c.h; path = MainTabBarViewController.h; sourceTree = "<group>"; };
		CC3EB7511D63F99A000E775B /* MainTabBarViewController.m */ = {isa = PBXFileReference; fileEncoding = 4; lastKnownFileType = sourcecode.c.objc; path = MainTabBarViewController.m; sourceTree = "<group>"; };
		CC3EB7521D63F99A000E775B /* YSNavigationViewController.h */ = {isa = PBXFileReference; fileEncoding = 4; lastKnownFileType = sourcecode.c.h; path = YSNavigationViewController.h; sourceTree = "<group>"; };
		CC3EB7531D63F99A000E775B /* YSNavigationViewController.m */ = {isa = PBXFileReference; fileEncoding = 4; lastKnownFileType = sourcecode.c.objc; path = YSNavigationViewController.m; sourceTree = "<group>"; };
		CC3EB7571D63F99A000E775B /* Assets.xcassets */ = {isa = PBXFileReference; lastKnownFileType = folder.assetcatalog; path = Assets.xcassets; sourceTree = "<group>"; };
		CC3EB7581D63F99A000E775B /* PrefixHeader.pch */ = {isa = PBXFileReference; fileEncoding = 4; lastKnownFileType = sourcecode.c.h; path = PrefixHeader.pch; sourceTree = "<group>"; };
		CC3EB7851D64861F000E775B /* YSTabBar.h */ = {isa = PBXFileReference; fileEncoding = 4; lastKnownFileType = sourcecode.c.h; path = YSTabBar.h; sourceTree = "<group>"; };
		CC3EB7861D64861F000E775B /* YSTabBar.m */ = {isa = PBXFileReference; fileEncoding = 4; lastKnownFileType = sourcecode.c.objc; path = YSTabBar.m; sourceTree = "<group>"; };
		CC6DC5C21D70802B000778BC /* YSAnnotation.h */ = {isa = PBXFileReference; fileEncoding = 4; lastKnownFileType = sourcecode.c.h; path = YSAnnotation.h; sourceTree = "<group>"; };
		CC6DC5C31D70802B000778BC /* YSAnnotation.m */ = {isa = PBXFileReference; fileEncoding = 4; lastKnownFileType = sourcecode.c.objc; path = YSAnnotation.m; sourceTree = "<group>"; };
		CC75282C1D6EEB570024D105 /* YSInfoDynamicViewController.h */ = {isa = PBXFileReference; fileEncoding = 4; lastKnownFileType = sourcecode.c.h; path = YSInfoDynamicViewController.h; sourceTree = "<group>"; };
		CC75282D1D6EEB570024D105 /* YSInfoDynamicViewController.m */ = {isa = PBXFileReference; fileEncoding = 4; lastKnownFileType = sourcecode.c.objc; path = YSInfoDynamicViewController.m; sourceTree = "<group>"; };
		CCDFBABA1D6DC5C9000A16C9 /* YSLoginViewController.h */ = {isa = PBXFileReference; fileEncoding = 4; lastKnownFileType = sourcecode.c.h; path = YSLoginViewController.h; sourceTree = "<group>"; };
		CCDFBABB1D6DC5C9000A16C9 /* YSLoginViewController.m */ = {isa = PBXFileReference; fileEncoding = 4; lastKnownFileType = sourcecode.c.objc; path = YSLoginViewController.m; sourceTree = "<group>"; };
		CCDFBABC1D6DC5C9000A16C9 /* YSPhoneRegisterViewController.h */ = {isa = PBXFileReference; fileEncoding = 4; lastKnownFileType = sourcecode.c.h; path = YSPhoneRegisterViewController.h; sourceTree = "<group>"; };
		CCDFBABD1D6DC5C9000A16C9 /* YSPhoneRegisterViewController.m */ = {isa = PBXFileReference; fileEncoding = 4; lastKnownFileType = sourcecode.c.objc; path = YSPhoneRegisterViewController.m; sourceTree = "<group>"; };
		CCDFBABE1D6DC5C9000A16C9 /* YSEMaileRegisterViewController.h */ = {isa = PBXFileReference; fileEncoding = 4; lastKnownFileType = sourcecode.c.h; path = YSEMaileRegisterViewController.h; sourceTree = "<group>"; };
		CCDFBABF1D6DC5C9000A16C9 /* YSEMaileRegisterViewController.m */ = {isa = PBXFileReference; fileEncoding = 4; lastKnownFileType = sourcecode.c.objc; path = YSEMaileRegisterViewController.m; sourceTree = "<group>"; };
		CCDFBAC21D6DC5C9000A16C9 /* YSLoginViewController.xib */ = {isa = PBXFileReference; fileEncoding = 4; lastKnownFileType = file.xib; path = YSLoginViewController.xib; sourceTree = "<group>"; };
		CCDFBAC31D6DC5C9000A16C9 /* YSPhoneRegisterViewController.xib */ = {isa = PBXFileReference; fileEncoding = 4; lastKnownFileType = file.xib; path = YSPhoneRegisterViewController.xib; sourceTree = "<group>"; };
		CCDFBAC41D6DC5C9000A16C9 /* YSEMaileRegisterViewController.xib */ = {isa = PBXFileReference; fileEncoding = 4; lastKnownFileType = file.xib; path = YSEMaileRegisterViewController.xib; sourceTree = "<group>"; };
		CCDFBAC71D6DC5C9000A16C9 /* YSAddViewController.h */ = {isa = PBXFileReference; fileEncoding = 4; lastKnownFileType = sourcecode.c.h; path = YSAddViewController.h; sourceTree = "<group>"; };
		CCDFBAC81D6DC5C9000A16C9 /* YSAddViewController.m */ = {isa = PBXFileReference; fileEncoding = 4; lastKnownFileType = sourcecode.c.objc; path = YSAddViewController.m; sourceTree = "<group>"; };
		CCDFBACD1D6DC5C9000A16C9 /* YSDiscoverViewController.h */ = {isa = PBXFileReference; fileEncoding = 4; lastKnownFileType = sourcecode.c.h; path = YSDiscoverViewController.h; sourceTree = "<group>"; };
		CCDFBACE1D6DC5C9000A16C9 /* YSDiscoverViewController.m */ = {isa = PBXFileReference; fileEncoding = 4; lastKnownFileType = sourcecode.c.objc; path = YSDiscoverViewController.m; sourceTree = "<group>"; };
		CCDFBAD31D6DC5C9000A16C9 /* YSDynamicViewController.h */ = {isa = PBXFileReference; fileEncoding = 4; lastKnownFileType = sourcecode.c.h; path = YSDynamicViewController.h; sourceTree = "<group>"; };
		CCDFBAD41D6DC5C9000A16C9 /* YSDynamicViewController.m */ = {isa = PBXFileReference; fileEncoding = 4; lastKnownFileType = sourcecode.c.objc; path = YSDynamicViewController.m; sourceTree = "<group>"; };
		CCDFBAD91D6DC5C9000A16C9 /* YSHomeInfoViewController.h */ = {isa = PBXFileReference; fileEncoding = 4; lastKnownFileType = sourcecode.c.h; path = YSHomeInfoViewController.h; sourceTree = "<group>"; };
		CCDFBADA1D6DC5C9000A16C9 /* YSHomeInfoViewController.m */ = {isa = PBXFileReference; fileEncoding = 4; lastKnownFileType = sourcecode.c.objc; path = YSHomeInfoViewController.m; sourceTree = "<group>"; };
		CCDFBADB1D6DC5C9000A16C9 /* YSHomeViewController.h */ = {isa = PBXFileReference; fileEncoding = 4; lastKnownFileType = sourcecode.c.h; path = YSHomeViewController.h; sourceTree = "<group>"; };
		CCDFBADC1D6DC5C9000A16C9 /* YSHomeViewController.m */ = {isa = PBXFileReference; fileEncoding = 4; lastKnownFileType = sourcecode.c.objc; path = YSHomeViewController.m; sourceTree = "<group>"; };
		CCDFBADE1D6DC5C9000A16C9 /* YSHomeListModel.h */ = {isa = PBXFileReference; fileEncoding = 4; lastKnownFileType = sourcecode.c.h; path = YSHomeListModel.h; sourceTree = "<group>"; };
		CCDFBADF1D6DC5C9000A16C9 /* YSHomeListModel.m */ = {isa = PBXFileReference; fileEncoding = 4; lastKnownFileType = sourcecode.c.objc; path = YSHomeListModel.m; sourceTree = "<group>"; };
		CCDFBAE31D6DC5C9000A16C9 /* YSProfileInfoViewController.h */ = {isa = PBXFileReference; fileEncoding = 4; lastKnownFileType = sourcecode.c.h; path = YSProfileInfoViewController.h; sourceTree = "<group>"; };
		CCDFBAE41D6DC5C9000A16C9 /* YSProfileInfoViewController.m */ = {isa = PBXFileReference; fileEncoding = 4; lastKnownFileType = sourcecode.c.objc; path = YSProfileInfoViewController.m; sourceTree = "<group>"; };
		CCDFBAE51D6DC5C9000A16C9 /* YSProfileViewController.h */ = {isa = PBXFileReference; fileEncoding = 4; lastKnownFileType = sourcecode.c.h; path = YSProfileViewController.h; sourceTree = "<group>"; };
		CCDFBAE61D6DC5C9000A16C9 /* YSProfileViewController.m */ = {isa = PBXFileReference; fileEncoding = 4; lastKnownFileType = sourcecode.c.objc; path = YSProfileViewController.m; sourceTree = "<group>"; };
		CCDFBAE91D6DC5C9000A16C9 /* YSProfileHeader.h */ = {isa = PBXFileReference; fileEncoding = 4; lastKnownFileType = sourcecode.c.h; path = YSProfileHeader.h; sourceTree = "<group>"; };
		CCDFBAEA1D6DC5C9000A16C9 /* YSProfileHeader.m */ = {isa = PBXFileReference; fileEncoding = 4; lastKnownFileType = sourcecode.c.objc; path = YSProfileHeader.m; sourceTree = "<group>"; };
		CCDFBAEB1D6DC5C9000A16C9 /* YSProfileHeader.xib */ = {isa = PBXFileReference; fileEncoding = 4; lastKnownFileType = file.xib; path = YSProfileHeader.xib; sourceTree = "<group>"; };
		CCDFBAFC1D6DC607000A16C9 /* YSCommentCell.h */ = {isa = PBXFileReference; fileEncoding = 4; lastKnownFileType = sourcecode.c.h; path = YSCommentCell.h; sourceTree = "<group>"; };
		CCDFBAFD1D6DC607000A16C9 /* YSCommentCell.m */ = {isa = PBXFileReference; fileEncoding = 4; lastKnownFileType = sourcecode.c.objc; path = YSCommentCell.m; sourceTree = "<group>"; };
		CCDFBAFE1D6DC607000A16C9 /* YSCommentCell.xib */ = {isa = PBXFileReference; fileEncoding = 4; lastKnownFileType = file.xib; path = YSCommentCell.xib; sourceTree = "<group>"; };
		CCDFBAFF1D6DC607000A16C9 /* YSFooterView.h */ = {isa = PBXFileReference; fileEncoding = 4; lastKnownFileType = sourcecode.c.h; path = YSFooterView.h; sourceTree = "<group>"; };
		CCDFBB001D6DC607000A16C9 /* YSFooterView.m */ = {isa = PBXFileReference; fileEncoding = 4; lastKnownFileType = sourcecode.c.objc; path = YSFooterView.m; sourceTree = "<group>"; };
		CCDFBB011D6DC607000A16C9 /* YSFooterView.xib */ = {isa = PBXFileReference; fileEncoding = 4; lastKnownFileType = file.xib; path = YSFooterView.xib; sourceTree = "<group>"; };
		CCDFBB0B1D6DC65E000A16C9 /* YSCommentModel.h */ = {isa = PBXFileReference; fileEncoding = 4; lastKnownFileType = sourcecode.c.h; path = YSCommentModel.h; sourceTree = "<group>"; };
		CCDFBB0C1D6DC65E000A16C9 /* YSCommentModel.m */ = {isa = PBXFileReference; fileEncoding = 4; lastKnownFileType = sourcecode.c.objc; path = YSCommentModel.m; sourceTree = "<group>"; };
		CCDFBB0D1D6DC65E000A16C9 /* YSStatusModel.h */ = {isa = PBXFileReference; fileEncoding = 4; lastKnownFileType = sourcecode.c.h; path = YSStatusModel.h; sourceTree = "<group>"; };
		CCDFBB0E1D6DC65E000A16C9 /* YSStatusModel.m */ = {isa = PBXFileReference; fileEncoding = 4; lastKnownFileType = sourcecode.c.objc; path = YSStatusModel.m; sourceTree = "<group>"; };
		CCDFBB0F1D6DC65E000A16C9 /* YSUserModel.h */ = {isa = PBXFileReference; fileEncoding = 4; lastKnownFileType = sourcecode.c.h; path = YSUserModel.h; sourceTree = "<group>"; };
		CCDFBB101D6DC65E000A16C9 /* YSUserModel.m */ = {isa = PBXFileReference; fileEncoding = 4; lastKnownFileType = sourcecode.c.objc; path = YSUserModel.m; sourceTree = "<group>"; };
		D4E4C20E4F4205211DFEFD82 /* libPods-菜谱.a */ = {isa = PBXFileReference; explicitFileType = archive.ar; includeInIndex = 0; path = "libPods-菜谱.a"; sourceTree = BUILT_PRODUCTS_DIR; };
/* End PBXFileReference section */

/* Begin PBXFrameworksBuildPhase section */
		CC3EB7171D63F7EF000E775B /* Frameworks */ = {
			isa = PBXFrameworksBuildPhase;
			buildActionMask = 2147483647;
			files = (
				121982DB2477D51E9E5D1B97 /* libPods-菜谱.a in Frameworks */,
			);
			runOnlyForDeploymentPostprocessing = 0;
		};
/* End PBXFrameworksBuildPhase section */

/* Begin PBXGroup section */
		25ED9247FBF1A27FF3BEED2F /* Frameworks */ = {
			isa = PBXGroup;
			children = (
				D4E4C20E4F4205211DFEFD82 /* libPods-菜谱.a */,
			);
			name = Frameworks;
			sourceTree = "<group>";
		};
		A9E034F5B35EECAD376FBF9F /* Pods */ = {
			isa = PBXGroup;
			children = (
				B2D562325362028CEECAA5E5 /* Pods-菜谱.debug.xcconfig */,
				C00245FB0598FDC358C8080C /* Pods-菜谱.release.xcconfig */,
			);
			name = Pods;
			sourceTree = "<group>";
		};
		CC2326661D66FFC8000EDC4B /* Categories */ = {
			isa = PBXGroup;
			children = (
				CC2326671D66FFC8000EDC4B /* NSString+QYString.h */,
				CC2326681D66FFC8000EDC4B /* NSString+QYString.m */,
			);
			path = Categories;
			sourceTree = "<group>";
		};
		CC2326691D66FFC8000EDC4B /* PINRefresh */ = {
			isa = PBXGroup;
			children = (
				CC23266A1D66FFC8000EDC4B /* arrow@2x.png */,
				CC23266B1D66FFC8000EDC4B /* PINBaseRefreshControl.h */,
				CC23266C1D66FFC8000EDC4B /* PINBaseRefreshControl.m */,
				CC23266D1D66FFC8000EDC4B /* PINRefreshConfig.h */,
				CC23266E1D66FFC8000EDC4B /* PINRefreshFooter */,
				CC2326751D66FFC8000EDC4B /* PINRefreshHeader */,
				CC23267A1D66FFC8000EDC4B /* UIScrollView+PINExtension.h */,
				CC23267B1D66FFC8000EDC4B /* UIScrollView+PINExtension.m */,
				CC23267C1D66FFC8000EDC4B /* UIScrollView+PINRefresh.h */,
				CC23267D1D66FFC8000EDC4B /* UIScrollView+PINRefresh.m */,
				CC23267E1D66FFC8000EDC4B /* UIView+PINFrame.h */,
				CC23267F1D66FFC8000EDC4B /* UIView+PINFrame.m */,
			);
			path = PINRefresh;
			sourceTree = "<group>";
		};
		CC23266E1D66FFC8000EDC4B /* PINRefreshFooter */ = {
			isa = PBXGroup;
			children = (
				CC23266F1D66FFC8000EDC4B /* PINAutoRefreshFooter.h */,
				CC2326701D66FFC8000EDC4B /* PINAutoRefreshFooter.m */,
				CC2326711D66FFC8000EDC4B /* PINGifRefreshFooter.h */,
				CC2326721D66FFC8000EDC4B /* PINGifRefreshFooter.m */,
				CC2326731D66FFC8000EDC4B /* PINNormalRefreshFooter.h */,
				CC2326741D66FFC8000EDC4B /* PINNormalRefreshFooter.m */,
			);
			path = PINRefreshFooter;
			sourceTree = "<group>";
		};
		CC2326751D66FFC8000EDC4B /* PINRefreshHeader */ = {
			isa = PBXGroup;
			children = (
				CC2326761D66FFC8000EDC4B /* PINGifRefreshHeader.h */,
				CC2326771D66FFC8000EDC4B /* PINGifRefreshHeader.m */,
				CC2326781D66FFC8000EDC4B /* PINNormalRefreshHeader.h */,
				CC2326791D66FFC8000EDC4B /* PINNormalRefreshHeader.m */,
			);
			path = PINRefreshHeader;
			sourceTree = "<group>";
		};
		CC2C5B321D713D190040F60B /* 原来的 */ = {
			isa = PBXGroup;
			children = (
				CCDFBABA1D6DC5C9000A16C9 /* YSLoginViewController.h */,
				CCDFBABB1D6DC5C9000A16C9 /* YSLoginViewController.m */,
				CCDFBABE1D6DC5C9000A16C9 /* YSEMaileRegisterViewController.h */,
				CCDFBABF1D6DC5C9000A16C9 /* YSEMaileRegisterViewController.m */,
				CCDFBABC1D6DC5C9000A16C9 /* YSPhoneRegisterViewController.h */,
				CCDFBABD1D6DC5C9000A16C9 /* YSPhoneRegisterViewController.m */,
				CC2D6C381D6F0D6400EEB151 /* YSPhoneNumYanZhengVC.h */,
				CC2D6C391D6F0D6400EEB151 /* YSPhoneNumYanZhengVC.m */,
			);
			name = "原来的";
			sourceTree = "<group>";
		};
		CC2C5B331D713D500040F60B /* 最新 */ = {
			isa = PBXGroup;
			children = (
				CC2C5B341D713F960040F60B /* YSDengLuViewController.h */,
				CC2C5B351D713F960040F60B /* YSDengLuViewController.m */,
				CC2C5B371D7142A20040F60B /* YSZhuCeViewController.h */,
				CC2C5B381D7142A20040F60B /* YSZhuCeViewController.m */,
			);
			path = "最新";
			sourceTree = "<group>";
		};
		CC3EB7111D63F7EF000E775B = {
			isa = PBXGroup;
			children = (
				CC3EB71C1D63F7EF000E775B /* 菜谱 */,
				CC3EB71B1D63F7EF000E775B /* Products */,
				A9E034F5B35EECAD376FBF9F /* Pods */,
				25ED9247FBF1A27FF3BEED2F /* Frameworks */,
			);
			sourceTree = "<group>";
		};
		CC3EB71B1D63F7EF000E775B /* Products */ = {
			isa = PBXGroup;
			children = (
				CC3EB71A1D63F7EF000E775B /* 菜谱.app */,
			);
			name = Products;
			sourceTree = "<group>";
		};
		CC3EB71C1D63F7EF000E775B /* 菜谱 */ = {
			isa = PBXGroup;
			children = (
				CC3EB7421D63F99A000E775B /* Main */,
				CCDFBAB71D6DC5C9000A16C9 /* Classes */,
				CC3EB7341D63F99A000E775B /*  Libraries */,
				CC3EB7561D63F99A000E775B /* Resource */,
				CC3EB71D1D63F7EF000E775B /* Supporting Files */,
			);
			path = "菜谱";
			sourceTree = "<group>";
		};
		CC3EB71D1D63F7EF000E775B /* Supporting Files */ = {
			isa = PBXGroup;
			children = (
				CC3EB7261D63F7EF000E775B /* Main.storyboard */,
				CC3EB72B1D63F7EF000E775B /* LaunchScreen.storyboard */,
				CC3EB72E1D63F7EF000E775B /* Info.plist */,
				CC3EB71E1D63F7EF000E775B /* main.m */,
			);
			name = "Supporting Files";
			sourceTree = "<group>";
		};
		CC3EB7341D63F99A000E775B /*  Libraries */ = {
			isa = PBXGroup;
			children = (
				CC2326661D66FFC8000EDC4B /* Categories */,
				CC2326691D66FFC8000EDC4B /* PINRefresh */,
			);
			path = " Libraries";
			sourceTree = "<group>";
		};
		CC3EB7421D63F99A000E775B /* Main */ = {
			isa = PBXGroup;
			children = (
				CC3EB7431D63F99A000E775B /* APPDelete */,
				CC3EB74E1D63F99A000E775B /* Main */,
				CC3EB7461D63F99A000E775B /* Guid */,
			);
			path = Main;
			sourceTree = "<group>";
		};
		CC3EB7431D63F99A000E775B /* APPDelete */ = {
			isa = PBXGroup;
			children = (
				CC3EB7441D63F99A000E775B /* AppDelegate.h */,
				CC3EB7451D63F99A000E775B /* AppDelegate.m */,
			);
			path = APPDelete;
			sourceTree = "<group>";
		};
		CC3EB7461D63F99A000E775B /* Guid */ = {
			isa = PBXGroup;
			children = (
				CC3EB7471D63F99A000E775B /* Controller */,
				CC3EB74A1D63F99A000E775B /* Model */,
				CC3EB74B1D63F99A000E775B /* View */,
			);
			path = Guid;
			sourceTree = "<group>";
		};
		CC3EB7471D63F99A000E775B /* Controller */ = {
			isa = PBXGroup;
			children = (
				CC3EB7481D63F99A000E775B /* YSGuideViewController.h */,
				CC3EB7491D63F99A000E775B /* YSGuideViewController.m */,
			);
			path = Controller;
			sourceTree = "<group>";
		};
		CC3EB74A1D63F99A000E775B /* Model */ = {
			isa = PBXGroup;
			children = (
			);
			path = Model;
			sourceTree = "<group>";
		};
		CC3EB74B1D63F99A000E775B /* View */ = {
			isa = PBXGroup;
			children = (
				CC3EB74C1D63F99A000E775B /* YSBeiJingScrollView.h */,
				CC3EB74D1D63F99A000E775B /* YSBeiJingScrollView.m */,
			);
			path = View;
			sourceTree = "<group>";
		};
		CC3EB74E1D63F99A000E775B /* Main */ = {
			isa = PBXGroup;
			children = (
				CC3EB74F1D63F99A000E775B /* Controller */,
				CC3EB7541D63F99A000E775B /* Model */,
				CC3EB7551D63F99A000E775B /* View */,
			);
			path = Main;
			sourceTree = "<group>";
		};
		CC3EB74F1D63F99A000E775B /* Controller */ = {
			isa = PBXGroup;
			children = (
				CC3EB7501D63F99A000E775B /* MainTabBarViewController.h */,
				CC3EB7511D63F99A000E775B /* MainTabBarViewController.m */,
				CC3EB7521D63F99A000E775B /* YSNavigationViewController.h */,
				CC3EB7531D63F99A000E775B /* YSNavigationViewController.m */,
			);
			path = Controller;
			sourceTree = "<group>";
		};
		CC3EB7541D63F99A000E775B /* Model */ = {
			isa = PBXGroup;
			children = (
			);
			path = Model;
			sourceTree = "<group>";
		};
		CC3EB7551D63F99A000E775B /* View */ = {
			isa = PBXGroup;
			children = (
				CC3EB7851D64861F000E775B /* YSTabBar.h */,
				CC3EB7861D64861F000E775B /* YSTabBar.m */,
			);
			path = View;
			sourceTree = "<group>";
		};
		CC3EB7561D63F99A000E775B /* Resource */ = {
			isa = PBXGroup;
			children = (
				CC2C5B2D1D71293B0040F60B /* status.plist */,
				CC3EB7571D63F99A000E775B /* Assets.xcassets */,
				CC3EB7581D63F99A000E775B /* PrefixHeader.pch */,
			);
			path = Resource;
			sourceTree = "<group>";
		};
		CCDFBAB71D6DC5C9000A16C9 /* Classes */ = {
			isa = PBXGroup;
			children = (
				CCDFBAD71D6DC5C9000A16C9 /* Home */,
				CCDFBAD11D6DC5C9000A16C9 /* Dynamic */,
				CCDFBAC51D6DC5C9000A16C9 /* Add */,
				CCDFBACB1D6DC5C9000A16C9 /* DisCover */,
				CCDFBAE11D6DC5C9000A16C9 /* Profile */,
				CCDFBAB81D6DC5C9000A16C9 /* Account */,
			);
			path = Classes;
			sourceTree = "<group>";
		};
		CCDFBAB81D6DC5C9000A16C9 /* Account */ = {
			isa = PBXGroup;
			children = (
				CCDFBAB91D6DC5C9000A16C9 /* Controller */,
				CCDFBAC01D6DC5C9000A16C9 /* Model */,
				CCDFBAC11D6DC5C9000A16C9 /* View */,
			);
			path = Account;
			sourceTree = "<group>";
		};
		CCDFBAB91D6DC5C9000A16C9 /* Controller */ = {
			isa = PBXGroup;
			children = (
				CC2C5B331D713D500040F60B /* 最新 */,
				CC2C5B321D713D190040F60B /* 原来的 */,
			);
			path = Controller;
			sourceTree = "<group>";
		};
		CCDFBAC01D6DC5C9000A16C9 /* Model */ = {
			isa = PBXGroup;
			children = (
			);
			path = Model;
			sourceTree = "<group>";
		};
		CCDFBAC11D6DC5C9000A16C9 /* View */ = {
			isa = PBXGroup;
			children = (
				CCDFBAC21D6DC5C9000A16C9 /* YSLoginViewController.xib */,
				CCDFBAC31D6DC5C9000A16C9 /* YSPhoneRegisterViewController.xib */,
				CCDFBAC41D6DC5C9000A16C9 /* YSEMaileRegisterViewController.xib */,
			);
			path = View;
			sourceTree = "<group>";
		};
		CCDFBAC51D6DC5C9000A16C9 /* Add */ = {
			isa = PBXGroup;
			children = (
				CCDFBAC61D6DC5C9000A16C9 /* Controller */,
				CCDFBAC91D6DC5C9000A16C9 /* Model */,
				CCDFBACA1D6DC5C9000A16C9 /* View */,
			);
			path = Add;
			sourceTree = "<group>";
		};
		CCDFBAC61D6DC5C9000A16C9 /* Controller */ = {
			isa = PBXGroup;
			children = (
				CCDFBAC71D6DC5C9000A16C9 /* YSAddViewController.h */,
				CCDFBAC81D6DC5C9000A16C9 /* YSAddViewController.m */,
			);
			path = Controller;
			sourceTree = "<group>";
		};
		CCDFBAC91D6DC5C9000A16C9 /* Model */ = {
			isa = PBXGroup;
			children = (
			);
			path = Model;
			sourceTree = "<group>";
		};
		CCDFBACA1D6DC5C9000A16C9 /* View */ = {
			isa = PBXGroup;
			children = (
			);
			path = View;
			sourceTree = "<group>";
		};
		CCDFBACB1D6DC5C9000A16C9 /* DisCover */ = {
			isa = PBXGroup;
			children = (
				CCDFBACC1D6DC5C9000A16C9 /* Controller */,
				CCDFBACF1D6DC5C9000A16C9 /* Model */,
				CCDFBAD01D6DC5C9000A16C9 /* View */,
			);
			path = DisCover;
			sourceTree = "<group>";
		};
		CCDFBACC1D6DC5C9000A16C9 /* Controller */ = {
			isa = PBXGroup;
			children = (
				CCDFBACD1D6DC5C9000A16C9 /* YSDiscoverViewController.h */,
				CCDFBACE1D6DC5C9000A16C9 /* YSDiscoverViewController.m */,
				CC2C5B2F1D71313B0040F60B /* YSListDisCoverViewController.h */,
				CC2C5B301D71313B0040F60B /* YSListDisCoverViewController.m */,
			);
			path = Controller;
			sourceTree = "<group>";
		};
		CCDFBACF1D6DC5C9000A16C9 /* Model */ = {
			isa = PBXGroup;
			children = (
				CC6DC5C21D70802B000778BC /* YSAnnotation.h */,
				CC6DC5C31D70802B000778BC /* YSAnnotation.m */,
			);
			path = Model;
			sourceTree = "<group>";
		};
		CCDFBAD01D6DC5C9000A16C9 /* View */ = {
			isa = PBXGroup;
			children = (
			);
			path = View;
			sourceTree = "<group>";
		};
		CCDFBAD11D6DC5C9000A16C9 /* Dynamic */ = {
			isa = PBXGroup;
			children = (
				CCDFBAD21D6DC5C9000A16C9 /* Controller */,
				CCDFBAD51D6DC5C9000A16C9 /* Model */,
				CCDFBAD61D6DC5C9000A16C9 /* View */,
			);
			path = Dynamic;
			sourceTree = "<group>";
		};
		CCDFBAD21D6DC5C9000A16C9 /* Controller */ = {
			isa = PBXGroup;
			children = (
				CCDFBAD31D6DC5C9000A16C9 /* YSDynamicViewController.h */,
				CCDFBAD41D6DC5C9000A16C9 /* YSDynamicViewController.m */,
				CC75282C1D6EEB570024D105 /* YSInfoDynamicViewController.h */,
				CC75282D1D6EEB570024D105 /* YSInfoDynamicViewController.m */,
			);
			path = Controller;
			sourceTree = "<group>";
		};
		CCDFBAD51D6DC5C9000A16C9 /* Model */ = {
			isa = PBXGroup;
			children = (
				CCDFBB0B1D6DC65E000A16C9 /* YSCommentModel.h */,
				CCDFBB0C1D6DC65E000A16C9 /* YSCommentModel.m */,
				CCDFBB0D1D6DC65E000A16C9 /* YSStatusModel.h */,
				CCDFBB0E1D6DC65E000A16C9 /* YSStatusModel.m */,
				CCDFBB0F1D6DC65E000A16C9 /* YSUserModel.h */,
				CCDFBB101D6DC65E000A16C9 /* YSUserModel.m */,
			);
			path = Model;
			sourceTree = "<group>";
		};
		CCDFBAD61D6DC5C9000A16C9 /* View */ = {
			isa = PBXGroup;
			children = (
				CC3194D81D6DDCA70061DF76 /* YSStatusCell.h */,
				CC3194D91D6DDCA70061DF76 /* YSStatusCell.m */,
				CC3194DA1D6DDCA70061DF76 /* YSStatusCell.xib */,
				CCDFBAFC1D6DC607000A16C9 /* YSCommentCell.h */,
				CCDFBAFD1D6DC607000A16C9 /* YSCommentCell.m */,
				CCDFBAFE1D6DC607000A16C9 /* YSCommentCell.xib */,
				CCDFBAFF1D6DC607000A16C9 /* YSFooterView.h */,
				CCDFBB001D6DC607000A16C9 /* YSFooterView.m */,
				CCDFBB011D6DC607000A16C9 /* YSFooterView.xib */,
			);
			path = View;
			sourceTree = "<group>";
		};
		CCDFBAD71D6DC5C9000A16C9 /* Home */ = {
			isa = PBXGroup;
			children = (
				CCDFBAD81D6DC5C9000A16C9 /* Controller */,
				CCDFBADD1D6DC5C9000A16C9 /* Model */,
				CCDFBAE01D6DC5C9000A16C9 /* View */,
			);
			path = Home;
			sourceTree = "<group>";
		};
		CCDFBAD81D6DC5C9000A16C9 /* Controller */ = {
			isa = PBXGroup;
			children = (
				CCDFBADB1D6DC5C9000A16C9 /* YSHomeViewController.h */,
				CCDFBADC1D6DC5C9000A16C9 /* YSHomeViewController.m */,
				CCDFBAD91D6DC5C9000A16C9 /* YSHomeInfoViewController.h */,
				CCDFBADA1D6DC5C9000A16C9 /* YSHomeInfoViewController.m */,
			);
			path = Controller;
			sourceTree = "<group>";
		};
		CCDFBADD1D6DC5C9000A16C9 /* Model */ = {
			isa = PBXGroup;
			children = (
				CCDFBADE1D6DC5C9000A16C9 /* YSHomeListModel.h */,
				CCDFBADF1D6DC5C9000A16C9 /* YSHomeListModel.m */,
			);
			path = Model;
			sourceTree = "<group>";
		};
		CCDFBAE01D6DC5C9000A16C9 /* View */ = {
			isa = PBXGroup;
			children = (
			);
			path = View;
			sourceTree = "<group>";
		};
		CCDFBAE11D6DC5C9000A16C9 /* Profile */ = {
			isa = PBXGroup;
			children = (
				CCDFBAE21D6DC5C9000A16C9 /* Controller */,
				CCDFBAE71D6DC5C9000A16C9 /* Model */,
				CCDFBAE81D6DC5C9000A16C9 /* View */,
			);
			path = Profile;
			sourceTree = "<group>";
		};
		CCDFBAE21D6DC5C9000A16C9 /* Controller */ = {
			isa = PBXGroup;
			children = (
				CCDFBAE51D6DC5C9000A16C9 /* YSProfileViewController.h */,
				CCDFBAE61D6DC5C9000A16C9 /* YSProfileViewController.m */,
				CCDFBAE31D6DC5C9000A16C9 /* YSProfileInfoViewController.h */,
				CCDFBAE41D6DC5C9000A16C9 /* YSProfileInfoViewController.m */,
			);
			path = Controller;
			sourceTree = "<group>";
		};
		CCDFBAE71D6DC5C9000A16C9 /* Model */ = {
			isa = PBXGroup;
			children = (
			);
			path = Model;
			sourceTree = "<group>";
		};
		CCDFBAE81D6DC5C9000A16C9 /* View */ = {
			isa = PBXGroup;
			children = (
				CCDFBAE91D6DC5C9000A16C9 /* YSProfileHeader.h */,
				CCDFBAEA1D6DC5C9000A16C9 /* YSProfileHeader.m */,
				CCDFBAEB1D6DC5C9000A16C9 /* YSProfileHeader.xib */,
			);
			path = View;
			sourceTree = "<group>";
		};
/* End PBXGroup section */

/* Begin PBXNativeTarget section */
		CC3EB7191D63F7EF000E775B /* 菜谱 */ = {
			isa = PBXNativeTarget;
			buildConfigurationList = CC3EB7311D63F7EF000E775B /* Build configuration list for PBXNativeTarget "菜谱" */;
			buildPhases = (
				78F073748361EBB1FF0BA2D3 /* [CP] Check Pods Manifest.lock */,
				CC3EB7161D63F7EF000E775B /* Sources */,
				CC3EB7171D63F7EF000E775B /* Frameworks */,
				CC3EB7181D63F7EF000E775B /* Resources */,
				C27932BF5CCCA469FD843FD1 /* [CP] Embed Pods Frameworks */,
				BC1AE7D80A42C805949A67CB /* [CP] Copy Pods Resources */,
			);
			buildRules = (
			);
			dependencies = (
			);
			name = "菜谱";
			productName = "菜谱";
			productReference = CC3EB71A1D63F7EF000E775B /* 菜谱.app */;
			productType = "com.apple.product-type.application";
		};
/* End PBXNativeTarget section */

/* Begin PBXProject section */
		CC3EB7121D63F7EF000E775B /* Project object */ = {
			isa = PBXProject;
			attributes = {
				CLASSPREFIX = YS;
				LastUpgradeCheck = 0730;
				ORGANIZATIONNAME = qingyun;
				TargetAttributes = {
					CC3EB7191D63F7EF000E775B = {
						CreatedOnToolsVersion = 7.3;
					};
				};
			};
			buildConfigurationList = CC3EB7151D63F7EF000E775B /* Build configuration list for PBXProject "菜谱" */;
			compatibilityVersion = "Xcode 3.2";
			developmentRegion = English;
			hasScannedForEncodings = 0;
			knownRegions = (
				en,
				Base,
			);
			mainGroup = CC3EB7111D63F7EF000E775B;
			productRefGroup = CC3EB71B1D63F7EF000E775B /* Products */;
			projectDirPath = "";
			projectRoot = "";
			targets = (
				CC3EB7191D63F7EF000E775B /* 菜谱 */,
			);
		};
/* End PBXProject section */

/* Begin PBXResourcesBuildPhase section */
		CC3EB7181D63F7EF000E775B /* Resources */ = {
			isa = PBXResourcesBuildPhase;
			buildActionMask = 2147483647;
			files = (
				CC3EB72D1D63F7EF000E775B /* LaunchScreen.storyboard in Resources */,
				CCDFBAEF1D6DC5C9000A16C9 /* YSLoginViewController.xib in Resources */,
				CCDFBAFB1D6DC5C9000A16C9 /* YSProfileHeader.xib in Resources */,
				CCDFBAF01D6DC5C9000A16C9 /* YSPhoneRegisterViewController.xib in Resources */,
				CCDFBB061D6DC607000A16C9 /* YSCommentCell.xib in Resources */,
				CCDFBB081D6DC607000A16C9 /* YSFooterView.xib in Resources */,
				CC3EB75E1D63F99A000E775B /* Assets.xcassets in Resources */,
				CC2326811D66FFC8000EDC4B /* arrow@2x.png in Resources */,
				CCDFBAF11D6DC5C9000A16C9 /* YSEMaileRegisterViewController.xib in Resources */,
				CC3EB7281D63F7EF000E775B /* Main.storyboard in Resources */,
				CC2C5B2E1D71293B0040F60B /* status.plist in Resources */,
				CC3194DC1D6DDCA70061DF76 /* YSStatusCell.xib in Resources */,
			);
			runOnlyForDeploymentPostprocessing = 0;
		};
/* End PBXResourcesBuildPhase section */

/* Begin PBXShellScriptBuildPhase section */
		78F073748361EBB1FF0BA2D3 /* [CP] Check Pods Manifest.lock */ = {
			isa = PBXShellScriptBuildPhase;
			buildActionMask = 2147483647;
			files = (
			);
			inputPaths = (
			);
			name = "[CP] Check Pods Manifest.lock";
			outputPaths = (
			);
			runOnlyForDeploymentPostprocessing = 0;
			shellPath = /bin/sh;
			shellScript = "diff \"${PODS_ROOT}/../Podfile.lock\" \"${PODS_ROOT}/Manifest.lock\" > /dev/null\nif [[ $? != 0 ]] ; then\n    cat << EOM\nerror: The sandbox is not in sync with the Podfile.lock. Run 'pod install' or update your CocoaPods installation.\nEOM\n    exit 1\nfi\n";
			showEnvVarsInLog = 0;
		};
		BC1AE7D80A42C805949A67CB /* [CP] Copy Pods Resources */ = {
			isa = PBXShellScriptBuildPhase;
			buildActionMask = 2147483647;
			files = (
			);
			inputPaths = (
			);
			name = "[CP] Copy Pods Resources";
			outputPaths = (
			);
			runOnlyForDeploymentPostprocessing = 0;
			shellPath = /bin/sh;
			shellScript = "\"${SRCROOT}/Pods/Target Support Files/Pods-菜谱/Pods-菜谱-resources.sh\"\n";
			showEnvVarsInLog = 0;
		};
		C27932BF5CCCA469FD843FD1 /* [CP] Embed Pods Frameworks */ = {
			isa = PBXShellScriptBuildPhase;
			buildActionMask = 2147483647;
			files = (
			);
			inputPaths = (
			);
			name = "[CP] Embed Pods Frameworks";
			outputPaths = (
			);
			runOnlyForDeploymentPostprocessing = 0;
			shellPath = /bin/sh;
			shellScript = "\"${SRCROOT}/Pods/Target Support Files/Pods-菜谱/Pods-菜谱-frameworks.sh\"\n";
			showEnvVarsInLog = 0;
		};
/* End PBXShellScriptBuildPhase section */

/* Begin PBXSourcesBuildPhase section */
		CC3EB7161D63F7EF000E775B /* Sources */ = {
			isa = PBXSourcesBuildPhase;
			buildActionMask = 2147483647;
			files = (
				CC6DC5C41D70802B000778BC /* YSAnnotation.m in Sources */,
				CC2C5B391D7142A20040F60B /* YSZhuCeViewController.m in Sources */,
				CCDFBAED1D6DC5C9000A16C9 /* YSPhoneRegisterViewController.m in Sources */,
				CC3194DB1D6DDCA70061DF76 /* YSStatusCell.m in Sources */,
				CC2326801D66FFC8000EDC4B /* NSString+QYString.m in Sources */,
				CCDFBAF71D6DC5C9000A16C9 /* YSHomeListModel.m in Sources */,
				CC2C5B361D713F960040F60B /* YSDengLuViewController.m in Sources */,
				CCDFBB051D6DC607000A16C9 /* YSCommentCell.m in Sources */,
				CCDFBAFA1D6DC5C9000A16C9 /* YSProfileHeader.m in Sources */,
				CC2D6C3A1D6F0D6400EEB151 /* YSPhoneNumYanZhengVC.m in Sources */,
				CCDFBAF81D6DC5C9000A16C9 /* YSProfileInfoViewController.m in Sources */,
				CCDFBB131D6DC65E000A16C9 /* YSUserModel.m in Sources */,
				CCDFBB071D6DC607000A16C9 /* YSFooterView.m in Sources */,
				CCDFBB121D6DC65E000A16C9 /* YSStatusModel.m in Sources */,
				CC2326861D66FFC8000EDC4B /* PINGifRefreshHeader.m in Sources */,
				CC3EB75D1D63F99A000E775B /* YSNavigationViewController.m in Sources */,
				CC3EB7591D63F99A000E775B /* AppDelegate.m in Sources */,
				CCDFBAEE1D6DC5C9000A16C9 /* YSEMaileRegisterViewController.m in Sources */,
				CC3EB7871D64861F000E775B /* YSTabBar.m in Sources */,
				CCDFBAF21D6DC5C9000A16C9 /* YSAddViewController.m in Sources */,
				CC2326851D66FFC8000EDC4B /* PINNormalRefreshFooter.m in Sources */,
				CC2326871D66FFC8000EDC4B /* PINNormalRefreshHeader.m in Sources */,
				CC3EB75A1D63F99A000E775B /* YSGuideViewController.m in Sources */,
				CC2C5B311D71313B0040F60B /* YSListDisCoverViewController.m in Sources */,
				CCDFBAEC1D6DC5C9000A16C9 /* YSLoginViewController.m in Sources */,
				CC23268A1D66FFC8000EDC4B /* UIView+PINFrame.m in Sources */,
				CC2326841D66FFC8000EDC4B /* PINGifRefreshFooter.m in Sources */,
				CC3EB75B1D63F99A000E775B /* YSBeiJingScrollView.m in Sources */,
				CC2326891D66FFC8000EDC4B /* UIScrollView+PINRefresh.m in Sources */,
				CC3EB71F1D63F7EF000E775B /* main.m in Sources */,
				CCDFBAF31D6DC5C9000A16C9 /* YSDiscoverViewController.m in Sources */,
				CCDFBB111D6DC65E000A16C9 /* YSCommentModel.m in Sources */,
				CCDFBAF91D6DC5C9000A16C9 /* YSProfileViewController.m in Sources */,
				CC75282E1D6EEB570024D105 /* YSInfoDynamicViewController.m in Sources */,
				CC2326821D66FFC8000EDC4B /* PINBaseRefreshControl.m in Sources */,
				CCDFBAF61D6DC5C9000A16C9 /* YSHomeViewController.m in Sources */,
				CCDFBAF41D6DC5C9000A16C9 /* YSDynamicViewController.m in Sources */,
				CC2326831D66FFC8000EDC4B /* PINAutoRefreshFooter.m in Sources */,
				CCDFBAF51D6DC5C9000A16C9 /* YSHomeInfoViewController.m in Sources */,
				CC3EB75C1D63F99A000E775B /* MainTabBarViewController.m in Sources */,
				CC2326881D66FFC8000EDC4B /* UIScrollView+PINExtension.m in Sources */,
			);
			runOnlyForDeploymentPostprocessing = 0;
		};
/* End PBXSourcesBuildPhase section */

/* Begin PBXVariantGroup section */
		CC3EB7261D63F7EF000E775B /* Main.storyboard */ = {
			isa = PBXVariantGroup;
			children = (
				CC3EB7271D63F7EF000E775B /* Base */,
			);
			name = Main.storyboard;
			sourceTree = "<group>";
		};
		CC3EB72B1D63F7EF000E775B /* LaunchScreen.storyboard */ = {
			isa = PBXVariantGroup;
			children = (
				CC3EB72C1D63F7EF000E775B /* Base */,
			);
			name = LaunchScreen.storyboard;
			sourceTree = "<group>";
		};
/* End PBXVariantGroup section */

/* Begin XCBuildConfiguration section */
		CC3EB72F1D63F7EF000E775B /* Debug */ = {
			isa = XCBuildConfiguration;
			buildSettings = {
				ALWAYS_SEARCH_USER_PATHS = NO;
				CLANG_ANALYZER_NONNULL = YES;
				CLANG_CXX_LANGUAGE_STANDARD = "gnu++0x";
				CLANG_CXX_LIBRARY = "libc++";
				CLANG_ENABLE_MODULES = YES;
				CLANG_ENABLE_OBJC_ARC = YES;
				CLANG_WARN_BOOL_CONVERSION = YES;
				CLANG_WARN_CONSTANT_CONVERSION = YES;
				CLANG_WARN_DIRECT_OBJC_ISA_USAGE = YES_ERROR;
				CLANG_WARN_EMPTY_BODY = YES;
				CLANG_WARN_ENUM_CONVERSION = YES;
				CLANG_WARN_INT_CONVERSION = YES;
				CLANG_WARN_OBJC_ROOT_CLASS = YES_ERROR;
				CLANG_WARN_UNREACHABLE_CODE = YES;
				CLANG_WARN__DUPLICATE_METHOD_MATCH = YES;
				"CODE_SIGN_IDENTITY[sdk=iphoneos*]" = "iPhone Developer";
				COPY_PHASE_STRIP = NO;
				DEBUG_INFORMATION_FORMAT = dwarf;
				ENABLE_STRICT_OBJC_MSGSEND = YES;
				ENABLE_TESTABILITY = YES;
				GCC_C_LANGUAGE_STANDARD = gnu99;
				GCC_DYNAMIC_NO_PIC = NO;
				GCC_NO_COMMON_BLOCKS = YES;
				GCC_OPTIMIZATION_LEVEL = 0;
				GCC_PREPROCESSOR_DEFINITIONS = (
					"DEBUG=1",
					"$(inherited)",
				);
				GCC_WARN_64_TO_32_BIT_CONVERSION = YES;
				GCC_WARN_ABOUT_RETURN_TYPE = YES_ERROR;
				GCC_WARN_UNDECLARED_SELECTOR = YES;
				GCC_WARN_UNINITIALIZED_AUTOS = YES_AGGRESSIVE;
				GCC_WARN_UNUSED_FUNCTION = YES;
				GCC_WARN_UNUSED_VARIABLE = YES;
				IPHONEOS_DEPLOYMENT_TARGET = 9.3;
				MTL_ENABLE_DEBUG_INFO = YES;
				ONLY_ACTIVE_ARCH = YES;
				SDKROOT = iphoneos;
				TARGETED_DEVICE_FAMILY = "1,2";
			};
			name = Debug;
		};
		CC3EB7301D63F7EF000E775B /* Release */ = {
			isa = XCBuildConfiguration;
			buildSettings = {
				ALWAYS_SEARCH_USER_PATHS = NO;
				CLANG_ANALYZER_NONNULL = YES;
				CLANG_CXX_LANGUAGE_STANDARD = "gnu++0x";
				CLANG_CXX_LIBRARY = "libc++";
				CLANG_ENABLE_MODULES = YES;
				CLANG_ENABLE_OBJC_ARC = YES;
				CLANG_WARN_BOOL_CONVERSION = YES;
				CLANG_WARN_CONSTANT_CONVERSION = YES;
				CLANG_WARN_DIRECT_OBJC_ISA_USAGE = YES_ERROR;
				CLANG_WARN_EMPTY_BODY = YES;
				CLANG_WARN_ENUM_CONVERSION = YES;
				CLANG_WARN_INT_CONVERSION = YES;
				CLANG_WARN_OBJC_ROOT_CLASS = YES_ERROR;
				CLANG_WARN_UNREACHABLE_CODE = YES;
				CLANG_WARN__DUPLICATE_METHOD_MATCH = YES;
				"CODE_SIGN_IDENTITY[sdk=iphoneos*]" = "iPhone Developer";
				COPY_PHASE_STRIP = NO;
				DEBUG_INFORMATION_FORMAT = "dwarf-with-dsym";
				ENABLE_NS_ASSERTIONS = NO;
				ENABLE_STRICT_OBJC_MSGSEND = YES;
				GCC_C_LANGUAGE_STANDARD = gnu99;
				GCC_NO_COMMON_BLOCKS = YES;
				GCC_WARN_64_TO_32_BIT_CONVERSION = YES;
				GCC_WARN_ABOUT_RETURN_TYPE = YES_ERROR;
				GCC_WARN_UNDECLARED_SELECTOR = YES;
				GCC_WARN_UNINITIALIZED_AUTOS = YES_AGGRESSIVE;
				GCC_WARN_UNUSED_FUNCTION = YES;
				GCC_WARN_UNUSED_VARIABLE = YES;
				IPHONEOS_DEPLOYMENT_TARGET = 9.3;
				MTL_ENABLE_DEBUG_INFO = NO;
				SDKROOT = iphoneos;
				TARGETED_DEVICE_FAMILY = "1,2";
				VALIDATE_PRODUCT = YES;
			};
			name = Release;
		};
		CC3EB7321D63F7EF000E775B /* Debug */ = {
			isa = XCBuildConfiguration;
			baseConfigurationReference = B2D562325362028CEECAA5E5 /* Pods-菜谱.debug.xcconfig */;
			buildSettings = {
				ASSETCATALOG_COMPILER_APPICON_NAME = AppIcon;
				GCC_PREFIX_HEADER = "菜谱/Resource/PrefixHeader.pch";
				INFOPLIST_FILE = "菜谱/Info.plist";
				IPHONEOS_DEPLOYMENT_TARGET = 9.3;
				LD_RUNPATH_SEARCH_PATHS = "$(inherited) @executable_path/Frameworks";
				PRODUCT_BUNDLE_IDENTIFIER = "com.qingyun.--";
				PRODUCT_NAME = "$(TARGET_NAME)";
				TARGETED_DEVICE_FAMILY = 1;
			};
			name = Debug;
		};
		CC3EB7331D63F7EF000E775B /* Release */ = {
			isa = XCBuildConfiguration;
			baseConfigurationReference = C00245FB0598FDC358C8080C /* Pods-菜谱.release.xcconfig */;
			buildSettings = {
				ASSETCATALOG_COMPILER_APPICON_NAME = AppIcon;
				GCC_PREFIX_HEADER = "菜谱/Resource/PrefixHeader.pch";
				INFOPLIST_FILE = "菜谱/Info.plist";
				IPHONEOS_DEPLOYMENT_TARGET = 9.3;
				LD_RUNPATH_SEARCH_PATHS = "$(inherited) @executable_path/Frameworks";
				PRODUCT_BUNDLE_IDENTIFIER = "com.qingyun.--";
				PRODUCT_NAME = "$(TARGET_NAME)";
				TARGETED_DEVICE_FAMILY = 1;
			};
			name = Release;
		};
/* End XCBuildConfiguration section */

/* Begin XCConfigurationList section */
		CC3EB7151D63F7EF000E775B /* Build configuration list for PBXProject "菜谱" */ = {
			isa = XCConfigurationList;
			buildConfigurations = (
				CC3EB72F1D63F7EF000E775B /* Debug */,
				CC3EB7301D63F7EF000E775B /* Release */,
			);
			defaultConfigurationIsVisible = 0;
			defaultConfigurationName = Release;
		};
		CC3EB7311D63F7EF000E775B /* Build configuration list for PBXNativeTarget "菜谱" */ = {
			isa = XCConfigurationList;
			buildConfigurations = (
				CC3EB7321D63F7EF000E775B /* Debug */,
				CC3EB7331D63F7EF000E775B /* Release */,
			);
			defaultConfigurationIsVisible = 0;
			defaultConfigurationName = Release;
		};
/* End XCConfigurationList section */
	};
	rootObject = CC3EB7121D63F7EF000E775B /* Project object */;
}
